// !$*UTF8*$!
{
	archiveVersion = 1;
	classes = {
	};
	objectVersion = 77;
	objects = {

/* Begin PBXBuildFile section */
		0B1B0858467632F4B566A7F3 /* AppModel.swift in Sources */ = {isa = PBXBuildFile; fileRef = 6569F32A71D430BE8D907522 /* AppModel.swift */; };
		28F2AFB78BB911E62DFFEAD3 /* AppFeatureFakes.swift in Sources */ = {isa = PBXBuildFile; fileRef = 0B7579D494FEFEA5DBC303EA /* AppFeatureFakes.swift */; };
		349C1B0F770375BDD8F28842 /* UtterInkServices in Frameworks */ = {isa = PBXBuildFile; productRef = 5A4BEEB3487789DBD48B4F72 /* UtterInkServices */; };
		4EC7359F0DC7AC9AAC508263 /* LaunchAtLoginService.swift in Sources */ = {isa = PBXBuildFile; fileRef = 9D5B5B5331C7C4FBF186C2EE /* LaunchAtLoginService.swift */; };
		7215C0A1E360A6C5BF8DDD7F /* AppComposition.swift in Sources */ = {isa = PBXBuildFile; fileRef = 0290D70562CE7E9DE9492108 /* AppComposition.swift */; };
		72F82199A11CF780CE79E2DC /* UtterInkCore in Frameworks */ = {isa = PBXBuildFile; productRef = 81B69EA66450AA1E413B991D /* UtterInkCore */; };
		7E85E4543BF986EB2E17FE14 /* UtterInkServices in Frameworks */ = {isa = PBXBuildFile; productRef = 6F0C53D16DB5E93F2743AD4E /* UtterInkServices */; };
		82C9CC8C2A01136207D53948 /* ATSPolicyProbeApp.swift in Sources */ = {isa = PBXBuildFile; fileRef = 32E26E60E6A5DEA5DBAA6C10 /* ATSPolicyProbeApp.swift */; };
		885436C25493662D4CF7723A /* UtterInkApp.swift in Sources */ = {isa = PBXBuildFile; fileRef = 579124F6FE0A0EBD4FD6AFA4 /* UtterInkApp.swift */; };
		8A0C974FAF8354D2972D9C27 /* UtterInkCore in Frameworks */ = {isa = PBXBuildFile; productRef = 36950818E6668CD9756F0083 /* UtterInkCore */; };
		9CAACBB0C922F2A180A8E823 /* RecordingIntentControllerSpy.swift in Sources */ = {isa = PBXBuildFile; fileRef = 2ACAA58F79B0796CBC4EC407 /* RecordingIntentControllerSpy.swift */; };
		D0B1EEE8BB6C7640C37E5217 /* UtterInkCore in Frameworks */ = {isa = PBXBuildFile; productRef = CAF7980AE57EBC6D1581245F /* UtterInkCore */; };
		EC05655B983E22A644C8F9C0 /* AppModelContractTests.swift in Sources */ = {isa = PBXBuildFile; fileRef = 725C877ACC61EDDC1B466410 /* AppModelContractTests.swift */; };
		F445DCCE650883552EFD418F /* AppFeatureProtocols.swift in Sources */ = {isa = PBXBuildFile; fileRef = 83B2C2473ADFFFE98DD45B98 /* AppFeatureProtocols.swift */; };
/* End PBXBuildFile section */

/* Begin PBXContainerItemProxy section */
		02760E01E69C2C47ED04E450 /* PBXContainerItemProxy */ = {
			isa = PBXContainerItemProxy;
			containerPortal = FB1A7C98E2286FAE3AE4C18B /* Project object */;
			proxyType = 1;
			remoteGlobalIDString = 675146D8A9E81872F5343486;
			remoteInfo = UtterInk;
		};
/* End PBXContainerItemProxy section */

/* Begin PBXFileReference section */
		0290D70562CE7E9DE9492108 /* AppComposition.swift */ = {isa = PBXFileReference; lastKnownFileType = sourcecode.swift; path = AppComposition.swift; sourceTree = "<group>"; };
		0B7579D494FEFEA5DBC303EA /* AppFeatureFakes.swift */ = {isa = PBXFileReference; lastKnownFileType = sourcecode.swift; path = AppFeatureFakes.swift; sourceTree = "<group>"; };
		11540CC22CF15422300D8BEE /* UtterInkAppTests.xctest */ = {isa = PBXFileReference; explicitFileType = wrapper.cfbundle; includeInIndex = 0; path = UtterInkAppTests.xctest; sourceTree = BUILT_PRODUCTS_DIR; };
		2ACAA58F79B0796CBC4EC407 /* RecordingIntentControllerSpy.swift */ = {isa = PBXFileReference; lastKnownFileType = sourcecode.swift; path = RecordingIntentControllerSpy.swift; sourceTree = "<group>"; };
		32E26E60E6A5DEA5DBAA6C10 /* ATSPolicyProbeApp.swift */ = {isa = PBXFileReference; lastKnownFileType = sourcecode.swift; path = ATSPolicyProbeApp.swift; sourceTree = "<group>"; };
		579124F6FE0A0EBD4FD6AFA4 /* UtterInkApp.swift */ = {isa = PBXFileReference; lastKnownFileType = sourcecode.swift; path = UtterInkApp.swift; sourceTree = "<group>"; };
		57E906AE6303DB7884EF7539 /* UtterInk.app */ = {isa = PBXFileReference; explicitFileType = wrapper.application; includeInIndex = 0; path = UtterInk.app; sourceTree = BUILT_PRODUCTS_DIR; };
		59D0F8E4521B9084A0E47556 /* ATSPolicyProbe.app */ = {isa = PBXFileReference; explicitFileType = wrapper.application; includeInIndex = 0; path = ATSPolicyProbe.app; sourceTree = BUILT_PRODUCTS_DIR; };
		6569F32A71D430BE8D907522 /* AppModel.swift */ = {isa = PBXFileReference; lastKnownFileType = sourcecode.swift; path = AppModel.swift; sourceTree = "<group>"; };
		6B59AC7610A4B669532FBE11 /* UtterInk.entitlements */ = {isa = PBXFileReference; lastKnownFileType = text.plist.entitlements; path = UtterInk.entitlements; sourceTree = "<group>"; };
		725C877ACC61EDDC1B466410 /* AppModelContractTests.swift */ = {isa = PBXFileReference; lastKnownFileType = sourcecode.swift; path = AppModelContractTests.swift; sourceTree = "<group>"; };
		83B2C2473ADFFFE98DD45B98 /* AppFeatureProtocols.swift */ = {isa = PBXFileReference; lastKnownFileType = sourcecode.swift; path = AppFeatureProtocols.swift; sourceTree = "<group>"; };
		9D5B5B5331C7C4FBF186C2EE /* LaunchAtLoginService.swift */ = {isa = PBXFileReference; lastKnownFileType = sourcecode.swift; path = LaunchAtLoginService.swift; sourceTree = "<group>"; };
		9DADA0B685CAE1A236A6CF01 /* UtterInkKit */ = {isa = PBXFileReference; lastKnownFileType = folder; name = UtterInkKit; path = Packages/UtterInkKit; sourceTree = SOURCE_ROOT; };
		EE4551F49BDBC9887EDB42F4 /* Info.plist */ = {isa = PBXFileReference; lastKnownFileType = text.plist; path = Info.plist; sourceTree = "<group>"; };
/* End PBXFileReference section */

/* Begin PBXFrameworksBuildPhase section */
		2DC3E8E93B31D5B71BE68989 /* Frameworks */ = {
			isa = PBXFrameworksBuildPhase;
			buildActionMask = 2147483647;
			files = (
				D0B1EEE8BB6C7640C37E5217 /* UtterInkCore in Frameworks */,
			);
			runOnlyForDeploymentPostprocessing = 0;
		};
		5B37E2E7C22DB71F0C0A534B /* Frameworks */ = {
			isa = PBXFrameworksBuildPhase;
			buildActionMask = 2147483647;
			files = (
				72F82199A11CF780CE79E2DC /* UtterInkCore in Frameworks */,
				7E85E4543BF986EB2E17FE14 /* UtterInkServices in Frameworks */,
			);
			runOnlyForDeploymentPostprocessing = 0;
		};
		B55F350EB983E9790972DE7C /* Frameworks */ = {
			isa = PBXFrameworksBuildPhase;
			buildActionMask = 2147483647;
			files = (
				8A0C974FAF8354D2972D9C27 /* UtterInkCore in Frameworks */,
				349C1B0F770375BDD8F28842 /* UtterInkServices in Frameworks */,
			);
			runOnlyForDeploymentPostprocessing = 0;
		};
/* End PBXFrameworksBuildPhase section */

/* Begin PBXGroup section */
		0DC886C36DA470640BD9ED66 /* UtterInkAppTests */ = {
			isa = PBXGroup;
			children = (
				725C877ACC61EDDC1B466410 /* AppModelContractTests.swift */,
				5C46FD8AC57894D3700C9024 /* Support */,
			);
			path = UtterInkAppTests;
			sourceTree = "<group>";
		};
		0EB5E7BAFAB8AD124DF0091F /* Supporting */ = {
			isa = PBXGroup;
			children = (
				EE4551F49BDBC9887EDB42F4 /* Info.plist */,
				6B59AC7610A4B669532FBE11 /* UtterInk.entitlements */,
			);
			path = Supporting;
			sourceTree = "<group>";
		};
		595F8C7B1A000FC725DED6ED /* ATSPolicyProbe */ = {
			isa = PBXGroup;
			children = (
				32E26E60E6A5DEA5DBAA6C10 /* ATSPolicyProbeApp.swift */,
			);
			path = ATSPolicyProbe;
			sourceTree = "<group>";
		};
		5C46FD8AC57894D3700C9024 /* Support */ = {
			isa = PBXGroup;
			children = (
				0B7579D494FEFEA5DBC303EA /* AppFeatureFakes.swift */,
				2ACAA58F79B0796CBC4EC407 /* RecordingIntentControllerSpy.swift */,
			);
			path = Support;
			sourceTree = "<group>";
		};
		88543F2ABB51400CD0C27834 /* Products */ = {
			isa = PBXGroup;
			children = (
				59D0F8E4521B9084A0E47556 /* ATSPolicyProbe.app */,
				57E906AE6303DB7884EF7539 /* UtterInk.app */,
				11540CC22CF15422300D8BEE /* UtterInkAppTests.xctest */,
			);
			name = Products;
			sourceTree = "<group>";
		};
		98D068608D1C88F7EF4DA59D /* Services */ = {
			isa = PBXGroup;
			children = (
				83B2C2473ADFFFE98DD45B98 /* AppFeatureProtocols.swift */,
				9D5B5B5331C7C4FBF186C2EE /* LaunchAtLoginService.swift */,
			);
			path = Services;
			sourceTree = "<group>";
		};
		A0F68DD837A42BA3A8C83670 /* App */ = {
			isa = PBXGroup;
			children = (
				0290D70562CE7E9DE9492108 /* AppComposition.swift */,
				6569F32A71D430BE8D907522 /* AppModel.swift */,
				579124F6FE0A0EBD4FD6AFA4 /* UtterInkApp.swift */,
				98D068608D1C88F7EF4DA59D /* Services */,
				0EB5E7BAFAB8AD124DF0091F /* Supporting */,
			);
			path = App;
			sourceTree = "<group>";
		};
		A7E49B003FD85588DC811F1C = {
			isa = PBXGroup;
			children = (
				A0F68DD837A42BA3A8C83670 /* App */,
				C7EC2B54F7C20F132F876E54 /* Packages */,
				E4AEF50AD36167CAF3B42C7D /* Tests */,
				0DC886C36DA470640BD9ED66 /* UtterInkAppTests */,
				88543F2ABB51400CD0C27834 /* Products */,
			);
			sourceTree = "<group>";
		};
		C7EC2B54F7C20F132F876E54 /* Packages */ = {
			isa = PBXGroup;
			children = (
				9DADA0B685CAE1A236A6CF01 /* UtterInkKit */,
			);
			path = Packages;
			sourceTree = "<group>";
		};
		E4AEF50AD36167CAF3B42C7D /* Tests */ = {
			isa = PBXGroup;
			children = (
				595F8C7B1A000FC725DED6ED /* ATSPolicyProbe */,
			);
			path = Tests;
			sourceTree = "<group>";
		};
/* End PBXGroup section */

/* Begin PBXNativeTarget section */
		675146D8A9E81872F5343486 /* UtterInk */ = {
			isa = PBXNativeTarget;
			buildConfigurationList = C311FA5CF37F9C1EE305737D /* Build configuration list for PBXNativeTarget "UtterInk" */;
			buildPhases = (
				6B8E46C1B8DF64F252D7E3EF /* Sources */,
				B55F350EB983E9790972DE7C /* Frameworks */,
			);
			buildRules = (
			);
			dependencies = (
			);
			name = UtterInk;
			packageProductDependencies = (
				36950818E6668CD9756F0083 /* UtterInkCore */,
				5A4BEEB3487789DBD48B4F72 /* UtterInkServices */,
			);
			productName = UtterInk;
			productReference = 57E906AE6303DB7884EF7539 /* UtterInk.app */;
			productType = "com.apple.product-type.application";
		};
		A70D63CA0DD3A5A7A843CFE6 /* ATSPolicyProbe */ = {
			isa = PBXNativeTarget;
			buildConfigurationList = CD2E01B50A1160918EFCFF9B /* Build configuration list for PBXNativeTarget "ATSPolicyProbe" */;
			buildPhases = (
				40618EE99374B59788F06408 /* Sources */,
				5B37E2E7C22DB71F0C0A534B /* Frameworks */,
			);
			buildRules = (
			);
			dependencies = (
			);
			name = ATSPolicyProbe;
			packageProductDependencies = (
				81B69EA66450AA1E413B991D /* UtterInkCore */,
				6F0C53D16DB5E93F2743AD4E /* UtterInkServices */,
			);
			productName = ATSPolicyProbe;
			productReference = 59D0F8E4521B9084A0E47556 /* ATSPolicyProbe.app */;
			productType = "com.apple.product-type.application";
		};
		F30AB49D0C7B6CD9DBBDA012 /* UtterInkAppTests */ = {
			isa = PBXNativeTarget;
			buildConfigurationList = 7D52818B62D5E22200E2B3C8 /* Build configuration list for PBXNativeTarget "UtterInkAppTests" */;
			buildPhases = (
				A897D453FBFFA0E596FC4D48 /* Sources */,
				2DC3E8E93B31D5B71BE68989 /* Frameworks */,
			);
			buildRules = (
			);
			dependencies = (
				060704A6C4FCD002EFF563FA /* PBXTargetDependency */,
			);
			name = UtterInkAppTests;
			packageProductDependencies = (
				CAF7980AE57EBC6D1581245F /* UtterInkCore */,
			);
			productName = UtterInkAppTests;
			productReference = 11540CC22CF15422300D8BEE /* UtterInkAppTests.xctest */;
			productType = "com.apple.product-type.bundle.unit-test";
		};
/* End PBXNativeTarget section */

/* Begin PBXProject section */
		FB1A7C98E2286FAE3AE4C18B /* Project object */ = {
			isa = PBXProject;
			attributes = {
				BuildIndependentTargetsInParallel = YES;
				LastUpgradeCheck = 2640;
				TargetAttributes = {
					675146D8A9E81872F5343486 = {
						ProvisioningStyle = Automatic;
					};
					A70D63CA0DD3A5A7A843CFE6 = {
						ProvisioningStyle = Manual;
					};
				};
			};
			buildConfigurationList = ECC9595E574F8760963B72C8 /* Build configuration list for PBXProject "UtterInk" */;
			developmentRegion = en;
			hasScannedForEncodings = 0;
			knownRegions = (
				Base,
				en,
			);
			mainGroup = A7E49B003FD85588DC811F1C;
			minimizedProjectReferenceProxies = 1;
			packageReferences = (
				AEC103A5F13C91FDCC8CEB44 /* XCLocalSwiftPackageReference "Packages/UtterInkKit" */,
			);
			preferredProjectObjectVersion = 77;
			productRefGroup = 88543F2ABB51400CD0C27834 /* Products */;
			projectDirPath = "";
			projectRoot = "";
			targets = (
				A70D63CA0DD3A5A7A843CFE6 /* ATSPolicyProbe */,
				675146D8A9E81872F5343486 /* UtterInk */,
				F30AB49D0C7B6CD9DBBDA012 /* UtterInkAppTests */,
			);
		};
/* End PBXProject section */

/* Begin PBXSourcesBuildPhase section */
		40618EE99374B59788F06408 /* Sources */ = {
			isa = PBXSourcesBuildPhase;
			buildActionMask = 2147483647;
			files = (
				82C9CC8C2A01136207D53948 /* ATSPolicyProbeApp.swift in Sources */,
			);
			runOnlyForDeploymentPostprocessing = 0;
		};
		6B8E46C1B8DF64F252D7E3EF /* Sources */ = {
			isa = PBXSourcesBuildPhase;
			buildActionMask = 2147483647;
			files = (
				7215C0A1E360A6C5BF8DDD7F /* AppComposition.swift in Sources */,
				F445DCCE650883552EFD418F /* AppFeatureProtocols.swift in Sources */,
				0B1B0858467632F4B566A7F3 /* AppModel.swift in Sources */,
				4EC7359F0DC7AC9AAC508263 /* LaunchAtLoginService.swift in Sources */,
				885436C25493662D4CF7723A /* UtterInkApp.swift in Sources */,
			);
			runOnlyForDeploymentPostprocessing = 0;
		};
		A897D453FBFFA0E596FC4D48 /* Sources */ = {
			isa = PBXSourcesBuildPhase;
			buildActionMask = 2147483647;
			files = (
				28F2AFB78BB911E62DFFEAD3 /* AppFeatureFakes.swift in Sources */,
				EC05655B983E22A644C8F9C0 /* AppModelContractTests.swift in Sources */,
				9CAACBB0C922F2A180A8E823 /* RecordingIntentControllerSpy.swift in Sources */,
			);
			runOnlyForDeploymentPostprocessing = 0;
		};
/* End PBXSourcesBuildPhase section */

/* Begin PBXTargetDependency section */
		060704A6C4FCD002EFF563FA /* PBXTargetDependency */ = {
			isa = PBXTargetDependency;
			target = 675146D8A9E81872F5343486 /* UtterInk */;
			targetProxy = 02760E01E69C2C47ED04E450 /* PBXContainerItemProxy */;
		};
/* End PBXTargetDependency section */

/* Begin XCBuildConfiguration section */
		18D1A595B810670919657B69 /* Debug */ = {
			isa = XCBuildConfiguration;
			buildSettings = {
				ALWAYS_SEARCH_USER_PATHS = NO;
				CLANG_ANALYZER_NONNULL = YES;
				CLANG_ANALYZER_NUMBER_OBJECT_CONVERSION = YES_AGGRESSIVE;
				CLANG_CXX_LANGUAGE_STANDARD = "gnu++14";
				CLANG_CXX_LIBRARY = "libc++";
				CLANG_ENABLE_MODULES = YES;
				CLANG_ENABLE_OBJC_ARC = YES;
				CLANG_ENABLE_OBJC_WEAK = YES;
				CLANG_WARN_BLOCK_CAPTURE_AUTORELEASING = YES;
				CLANG_WARN_BOOL_CONVERSION = YES;
				CLANG_WARN_COMMA = YES;
				CLANG_WARN_CONSTANT_CONVERSION = YES;
				CLANG_WARN_DEPRECATED_OBJC_IMPLEMENTATIONS = YES;
				CLANG_WARN_DIRECT_OBJC_ISA_USAGE = YES_ERROR;
				CLANG_WARN_DOCUMENTATION_COMMENTS = YES;
				CLANG_WARN_EMPTY_BODY = YES;
				CLANG_WARN_ENUM_CONVERSION = YES;
				CLANG_WARN_INFINITE_RECURSION = YES;
				CLANG_WARN_INT_CONVERSION = YES;
				CLANG_WARN_NON_LITERAL_NULL_CONVERSION = YES;
				CLANG_WARN_OBJC_IMPLICIT_RETAIN_SELF = YES;
				CLANG_WARN_OBJC_LITERAL_CONVERSION = YES;
				CLANG_WARN_OBJC_ROOT_CLASS = YES_ERROR;
				CLANG_WARN_QUOTED_INCLUDE_IN_FRAMEWORK_HEADER = YES;
				CLANG_WARN_RANGE_LOOP_ANALYSIS = YES;
				CLANG_WARN_STRICT_PROTOTYPES = YES;
				CLANG_WARN_SUSPICIOUS_MOVE = YES;
				CLANG_WARN_UNGUARDED_AVAILABILITY = YES_AGGRESSIVE;
				CLANG_WARN_UNREACHABLE_CODE = YES;
				CLANG_WARN__DUPLICATE_METHOD_MATCH = YES;
				COPY_PHASE_STRIP = NO;
				DEBUG_INFORMATION_FORMAT = dwarf;
				ENABLE_STRICT_OBJC_MSGSEND = YES;
				ENABLE_TESTABILITY = YES;
				GCC_C_LANGUAGE_STANDARD = gnu11;
				GCC_DYNAMIC_NO_PIC = NO;
				GCC_NO_COMMON_BLOCKS = YES;
				GCC_OPTIMIZATION_LEVEL = 0;
				GCC_PREPROCESSOR_DEFINITIONS = (
					"$(inherited)",
					"DEBUG=1",
				);
				GCC_WARN_64_TO_32_BIT_CONVERSION = YES;
				GCC_WARN_ABOUT_RETURN_TYPE = YES_ERROR;
				GCC_WARN_UNDECLARED_SELECTOR = YES;
				GCC_WARN_UNINITIALIZED_AUTOS = YES_AGGRESSIVE;
				GCC_WARN_UNUSED_FUNCTION = YES;
				GCC_WARN_UNUSED_VARIABLE = YES;
				MACOSX_DEPLOYMENT_TARGET = 14.0;
				MTL_ENABLE_DEBUG_INFO = INCLUDE_SOURCE;
				MTL_FAST_MATH = YES;
				ONLY_ACTIVE_ARCH = YES;
				PRODUCT_NAME = "$(TARGET_NAME)";
				SDKROOT = macosx;
				SWIFT_ACTIVE_COMPILATION_CONDITIONS = DEBUG;
				SWIFT_OPTIMIZATION_LEVEL = "-Onone";
				SWIFT_VERSION = 5.0;
			};
			name = Debug;
		};
		532F9F87A7331E9F8B57DDEE /* Release */ = {
			isa = XCBuildConfiguration;
			buildSettings = {
				BUNDLE_LOADER = "$(TEST_HOST)";
				COMBINE_HIDPI_IMAGES = YES;
				GENERATE_INFOPLIST_FILE = YES;
				LD_RUNPATH_SEARCH_PATHS = (
					"$(inherited)",
					"@executable_path/../Frameworks",
					"@loader_path/../Frameworks",
				);
				MACOSX_DEPLOYMENT_TARGET = 14.0;
				SDKROOT = macosx;
				TEST_HOST = "$(BUILT_PRODUCTS_DIR)/UtterInk.app/Contents/MacOS/UtterInk";
			};
			name = Release;
		};
		6AB2100A00E76E83AE079A1D /* Release */ = {
			isa = XCBuildConfiguration;
			buildSettings = {
				ARCHS = arm64;
				ASSETCATALOG_COMPILER_APPICON_NAME = AppIcon;
				CODE_SIGN_STYLE = Manual;
				COMBINE_HIDPI_IMAGES = YES;
				CURRENT_PROJECT_VERSION = 1;
				ENABLE_HARDENED_RUNTIME = YES;
				GENERATE_INFOPLIST_FILE = NO;
				INFOPLIST_FILE = Tests/ATSPolicyProbe/Info.plist;
				LD_RUNPATH_SEARCH_PATHS = (
					"$(inherited)",
					"@executable_path/../Frameworks",
				);
				MACOSX_DEPLOYMENT_TARGET = 14.0;
				MARKETING_VERSION = 1.0;
				PRODUCT_BUNDLE_IDENTIFIER = dev.utterink.ATSPolicyProbe;
				PRODUCT_NAME = ATSPolicyProbe;
				SDKROOT = macosx;
				SWIFT_VERSION = 5.0;
			};
			name = Release;
		};
		7737FD61AA82E4A23ECB4990 /* Debug */ = {
			isa = XCBuildConfiguration;
			buildSettings = {
				ARCHS = arm64;
				ASSETCATALOG_COMPILER_APPICON_NAME = AppIcon;
				CODE_SIGN_ENTITLEMENTS = App/Supporting/UtterInk.entitlements;
				CODE_SIGN_STYLE = Automatic;
				COMBINE_HIDPI_IMAGES = YES;
				CURRENT_PROJECT_VERSION = 1;
				ENABLE_HARDENED_RUNTIME = YES;
				GENERATE_INFOPLIST_FILE = NO;
				INFOPLIST_FILE = App/Supporting/Info.plist;
				LD_RUNPATH_SEARCH_PATHS = (
					"$(inherited)",
					"@executable_path/../Frameworks",
				);
				MACOSX_DEPLOYMENT_TARGET = 14.0;
				MARKETING_VERSION = 0.1.0;
				PRODUCT_BUNDLE_IDENTIFIER = dev.utterink.UtterInk;
				PRODUCT_NAME = UtterInk;
				SDKROOT = macosx;
				SWIFT_VERSION = 5.0;
			};
			name = Debug;
		};
		88D92EA27AD479B24115137D /* Debug */ = {
			isa = XCBuildConfiguration;
			buildSettings = {
				BUNDLE_LOADER = "$(TEST_HOST)";
				COMBINE_HIDPI_IMAGES = YES;
				GENERATE_INFOPLIST_FILE = YES;
				LD_RUNPATH_SEARCH_PATHS = (
					"$(inherited)",
					"@executable_path/../Frameworks",
					"@loader_path/../Frameworks",
				);
				MACOSX_DEPLOYMENT_TARGET = 14.0;
				SDKROOT = macosx;
				TEST_HOST = "$(BUILT_PRODUCTS_DIR)/UtterInk.app/Contents/MacOS/UtterInk";
			};
			name = Debug;
		};
		8DEBA7774A90B66ECE38C7F0 /* Release */ = {
			isa = XCBuildConfiguration;
			buildSettings = {
				ARCHS = arm64;
				ASSETCATALOG_COMPILER_APPICON_NAME = AppIcon;
				CODE_SIGN_ENTITLEMENTS = App/Supporting/UtterInk.entitlements;
				CODE_SIGN_STYLE = Automatic;
				COMBINE_HIDPI_IMAGES = YES;
				CURRENT_PROJECT_VERSION = 1;
				ENABLE_HARDENED_RUNTIME = YES;
				GENERATE_INFOPLIST_FILE = NO;
				INFOPLIST_FILE = App/Supporting/Info.plist;
				LD_RUNPATH_SEARCH_PATHS = (
					"$(inherited)",
					"@executable_path/../Frameworks",
				);
				MACOSX_DEPLOYMENT_TARGET = 14.0;
				MARKETING_VERSION = 0.1.0;
				PRODUCT_BUNDLE_IDENTIFIER = dev.utterink.UtterInk;
				PRODUCT_NAME = UtterInk;
				SDKROOT = macosx;
				SWIFT_VERSION = 5.0;
			};
			name = Release;
		};
		97067FB589472F267DD8BF15 /* Debug */ = {
			isa = XCBuildConfiguration;
			buildSettings = {
				ARCHS = arm64;
				ASSETCATALOG_COMPILER_APPICON_NAME = AppIcon;
				CODE_SIGN_STYLE = Manual;
				COMBINE_HIDPI_IMAGES = YES;
				CURRENT_PROJECT_VERSION = 1;
				ENABLE_HARDENED_RUNTIME = YES;
				GENERATE_INFOPLIST_FILE = NO;
				INFOPLIST_FILE = Tests/ATSPolicyProbe/Info.plist;
				LD_RUNPATH_SEARCH_PATHS = (
					"$(inherited)",
					"@executable_path/../Frameworks",
				);
				MACOSX_DEPLOYMENT_TARGET = 14.0;
				MARKETING_VERSION = 1.0;
				PRODUCT_BUNDLE_IDENTIFIER = dev.utterink.ATSPolicyProbe;
				PRODUCT_NAME = ATSPolicyProbe;
				SDKROOT = macosx;
				SWIFT_VERSION = 5.0;
			};
			name = Debug;
		};
		C9B705CBF983B7B7A430A2A9 /* Release */ = {
			isa = XCBuildConfiguration;
			buildSettings = {
				ALWAYS_SEARCH_USER_PATHS = NO;
				CLANG_ANALYZER_NONNULL = YES;
				CLANG_ANALYZER_NUMBER_OBJECT_CONVERSION = YES_AGGRESSIVE;
				CLANG_CXX_LANGUAGE_STANDARD = "gnu++14";
				CLANG_CXX_LIBRARY = "libc++";
				CLANG_ENABLE_MODULES = YES;
				CLANG_ENABLE_OBJC_ARC = YES;
				CLANG_ENABLE_OBJC_WEAK = YES;
				CLANG_WARN_BLOCK_CAPTURE_AUTORELEASING = YES;
				CLANG_WARN_BOOL_CONVERSION = YES;
				CLANG_WARN_COMMA = YES;
				CLANG_WARN_CONSTANT_CONVERSION = YES;
				CLANG_WARN_DEPRECATED_OBJC_IMPLEMENTATIONS = YES;
				CLANG_WARN_DIRECT_OBJC_ISA_USAGE = YES_ERROR;
				CLANG_WARN_DOCUMENTATION_COMMENTS = YES;
				CLANG_WARN_EMPTY_BODY = YES;
				CLANG_WARN_ENUM_CONVERSION = YES;
				CLANG_WARN_INFINITE_RECURSION = YES;
				CLANG_WARN_INT_CONVERSION = YES;
				CLANG_WARN_NON_LITERAL_NULL_CONVERSION = YES;
				CLANG_WARN_OBJC_IMPLICIT_RETAIN_SELF = YES;
				CLANG_WARN_OBJC_LITERAL_CONVERSION = YES;
				CLANG_WARN_OBJC_ROOT_CLASS = YES_ERROR;
				CLANG_WARN_QUOTED_INCLUDE_IN_FRAMEWORK_HEADER = YES;
				CLANG_WARN_RANGE_LOOP_ANALYSIS = YES;
				CLANG_WARN_STRICT_PROTOTYPES = YES;
				CLANG_WARN_SUSPICIOUS_MOVE = YES;
				CLANG_WARN_UNGUARDED_AVAILABILITY = YES_AGGRESSIVE;
				CLANG_WARN_UNREACHABLE_CODE = YES;
				CLANG_WARN__DUPLICATE_METHOD_MATCH = YES;
				COPY_PHASE_STRIP = NO;
				DEBUG_INFORMATION_FORMAT = "dwarf-with-dsym";
				ENABLE_NS_ASSERTIONS = NO;
				ENABLE_STRICT_OBJC_MSGSEND = YES;
				GCC_C_LANGUAGE_STANDARD = gnu11;
				GCC_NO_COMMON_BLOCKS = YES;
				GCC_WARN_64_TO_32_BIT_CONVERSION = YES;
				GCC_WARN_ABOUT_RETURN_TYPE = YES_ERROR;
				GCC_WARN_UNDECLARED_SELECTOR = YES;
				GCC_WARN_UNINITIALIZED_AUTOS = YES_AGGRESSIVE;
				GCC_WARN_UNUSED_FUNCTION = YES;
				GCC_WARN_UNUSED_VARIABLE = YES;
				MACOSX_DEPLOYMENT_TARGET = 14.0;
				MTL_ENABLE_DEBUG_INFO = NO;
				MTL_FAST_MATH = YES;
				PRODUCT_NAME = "$(TARGET_NAME)";
				SDKROOT = macosx;
				SWIFT_COMPILATION_MODE = wholemodule;
				SWIFT_OPTIMIZATION_LEVEL = "-O";
				SWIFT_VERSION = 5.0;
			};
			name = Release;
		};
/* End XCBuildConfiguration section */

/* Begin XCConfigurationList section */
		7D52818B62D5E22200E2B3C8 /* Build configuration list for PBXNativeTarget "UtterInkAppTests" */ = {
			isa = XCConfigurationList;
			buildConfigurations = (
				88D92EA27AD479B24115137D /* Debug */,
				532F9F87A7331E9F8B57DDEE /* Release */,
			);
			defaultConfigurationIsVisible = 0;
			defaultConfigurationName = Debug;
		};
		C311FA5CF37F9C1EE305737D /* Build configuration list for PBXNativeTarget "UtterInk" */ = {
			isa = XCConfigurationList;
			buildConfigurations = (
				7737FD61AA82E4A23ECB4990 /* Debug */,
				8DEBA7774A90B66ECE38C7F0 /* Release */,
			);
			defaultConfigurationIsVisible = 0;
			defaultConfigurationName = Debug;
		};
		CD2E01B50A1160918EFCFF9B /* Build configuration list for PBXNativeTarget "ATSPolicyProbe" */ = {
			isa = XCConfigurationList;
			buildConfigurations = (
				97067FB589472F267DD8BF15 /* Debug */,
				6AB2100A00E76E83AE079A1D /* Release */,
			);
			defaultConfigurationIsVisible = 0;
			defaultConfigurationName = Debug;
		};
		ECC9595E574F8760963B72C8 /* Build configuration list for PBXProject "UtterInk" */ = {
			isa = XCConfigurationList;
			buildConfigurations = (
				18D1A595B810670919657B69 /* Debug */,
				C9B705CBF983B7B7A430A2A9 /* Release */,
			);
			defaultConfigurationIsVisible = 0;
			defaultConfigurationName = Debug;
		};
/* End XCConfigurationList section */

/* Begin XCLocalSwiftPackageReference section */
		AEC103A5F13C91FDCC8CEB44 /* XCLocalSwiftPackageReference "Packages/UtterInkKit" */ = {
			isa = XCLocalSwiftPackageReference;
			relativePath = Packages/UtterInkKit;
		};
/* End XCLocalSwiftPackageReference section */

/* Begin XCSwiftPackageProductDependency section */
		36950818E6668CD9756F0083 /* UtterInkCore */ = {
			isa = XCSwiftPackageProductDependency;
			productName = UtterInkCore;
		};
		5A4BEEB3487789DBD48B4F72 /* UtterInkServices */ = {
			isa = XCSwiftPackageProductDependency;
			productName = UtterInkServices;
		};
		6F0C53D16DB5E93F2743AD4E /* UtterInkServices */ = {
			isa = XCSwiftPackageProductDependency;
			productName = UtterInkServices;
		};
		81B69EA66450AA1E413B991D /* UtterInkCore */ = {
			isa = XCSwiftPackageProductDependency;
			productName = UtterInkCore;
		};
		CAF7980AE57EBC6D1581245F /* UtterInkCore */ = {
			isa = XCSwiftPackageProductDependency;
			productName = UtterInkCore;
		};
/* End XCSwiftPackageProductDependency section */
	};
	rootObject = FB1A7C98E2286FAE3AE4C18B /* Project object */;
}
