// !$*UTF8*$!
{
	archiveVersion = 1;
	classes = {
	};
	objectVersion = 77;
	objects = {

/* Begin PBXBuildFile section */
		0332E22AF16015E09E00E4A3 /* ShortcutSettingsView.swift in Sources */ = {isa = PBXBuildFile; fileRef = AF216CBDB05A642EE53101A7 /* ShortcutSettingsView.swift */; };
		0477E31ADC77A3C8FB66361A /* ProviderPresentationTests.swift in Sources */ = {isa = PBXBuildFile; fileRef = 9490E92D1C0925CA920F6B48 /* ProviderPresentationTests.swift */; };
		0B1B0858467632F4B566A7F3 /* AppModel.swift in Sources */ = {isa = PBXBuildFile; fileRef = 6569F32A71D430BE8D907522 /* AppModel.swift */; };
		2713D0F96770E9F14A1569FD /* HistoryActionTests.swift in Sources */ = {isa = PBXBuildFile; fileRef = CF15D7C340C83F5CAF78B398 /* HistoryActionTests.swift */; };
		280C31728E40FB0E2D4AF442 /* SpeechModelPresentationTests.swift in Sources */ = {isa = PBXBuildFile; fileRef = 21FECE946BDDD60C23C52E3E /* SpeechModelPresentationTests.swift */; };
		28F2AFB78BB911E62DFFEAD3 /* AppFeatureFakes.swift in Sources */ = {isa = PBXBuildFile; fileRef = 0B7579D494FEFEA5DBC303EA /* AppFeatureFakes.swift */; };
		2B78CD7B6DEB765136847735 /* FloatingWindowController.swift in Sources */ = {isa = PBXBuildFile; fileRef = DC9E8ED29C019B210BEDC9F6 /* FloatingWindowController.swift */; };
		349C1B0F770375BDD8F28842 /* UtterInkServices in Frameworks */ = {isa = PBXBuildFile; productRef = 5A4BEEB3487789DBD48B4F72 /* UtterInkServices */; };
		3CA8FA693AAAFFCCB2D820A3 /* OnboardingViewModel.swift in Sources */ = {isa = PBXBuildFile; fileRef = 08A8845538578C14FD687CA8 /* OnboardingViewModel.swift */; };
		3E525C01DEBB4A8A2BFE7247 /* PipelineStateTests.swift in Sources */ = {isa = PBXBuildFile; fileRef = 46BFAD1519CCE183749690DB /* PipelineStateTests.swift */; };
		4D7CF06D2E2738B003DD7902 /* FloatingRecorderContractTests.swift in Sources */ = {isa = PBXBuildFile; fileRef = 54B10E54842C948D8ADA6570 /* FloatingRecorderContractTests.swift */; };
		4DC0295C64BCC8E0385435B3 /* AccessibilityAnnouncement.swift in Sources */ = {isa = PBXBuildFile; fileRef = 8EC1014F9AF6BF1F41978321 /* AccessibilityAnnouncement.swift */; };
		4EC7359F0DC7AC9AAC508263 /* LaunchAtLoginService.swift in Sources */ = {isa = PBXBuildFile; fileRef = 9D5B5B5331C7C4FBF186C2EE /* LaunchAtLoginService.swift */; };
		53D6073BD0971AC3546EE189 /* UITestHarness.swift in Sources */ = {isa = PBXBuildFile; fileRef = 4204388B3976A0A7F4CAADCF /* UITestHarness.swift */; };
		615082BE1A5D50F60C4AC7BC /* FloatingRecorderView.swift in Sources */ = {isa = PBXBuildFile; fileRef = 5DA661CBFD12F4E8993571B1 /* FloatingRecorderView.swift */; };
		6A673A2C4CB25BA2B3CCD423 /* DiagnosticsSettingsView.swift in Sources */ = {isa = PBXBuildFile; fileRef = 3323C3FF17C48F62CE1EEAB0 /* DiagnosticsSettingsView.swift */; };
		7215C0A1E360A6C5BF8DDD7F /* AppComposition.swift in Sources */ = {isa = PBXBuildFile; fileRef = 0290D70562CE7E9DE9492108 /* AppComposition.swift */; };
		7241526CD55001E23DF63875 /* LaunchAndNavigationTests.swift in Sources */ = {isa = PBXBuildFile; fileRef = 05A5E8643C52F9B990C4F8CE /* LaunchAndNavigationTests.swift */; };
		72F82199A11CF780CE79E2DC /* UtterInkCore in Frameworks */ = {isa = PBXBuildFile; productRef = 81B69EA66450AA1E413B991D /* UtterInkCore */; };
		7CE43F275069225E83EDAF25 /* PermissionSettingsView.swift in Sources */ = {isa = PBXBuildFile; fileRef = 627351AA17B74FEDC4D86747 /* PermissionSettingsView.swift */; };
		7E85E4543BF986EB2E17FE14 /* UtterInkServices in Frameworks */ = {isa = PBXBuildFile; productRef = 6F0C53D16DB5E93F2743AD4E /* UtterInkServices */; };
		82C9CC8C2A01136207D53948 /* ATSPolicyProbeApp.swift in Sources */ = {isa = PBXBuildFile; fileRef = 32E26E60E6A5DEA5DBAA6C10 /* ATSPolicyProbeApp.swift */; };
		840A7CB5D1C65F5AFFE79867 /* HistoryView.swift in Sources */ = {isa = PBXBuildFile; fileRef = E63604C41A3EA74913B7B680 /* HistoryView.swift */; };
		85C5DA646B7A7D7B066571CE /* OnboardingViewModelTests.swift in Sources */ = {isa = PBXBuildFile; fileRef = FE1BB7748C1084C26759987E /* OnboardingViewModelTests.swift */; };
		85F660594755D5CDE568B231 /* OnboardingWindowController.swift in Sources */ = {isa = PBXBuildFile; fileRef = 2EB6481326357AF1BA843A6D /* OnboardingWindowController.swift */; };
		868E7B684A87A61D0B64CAF6 /* Assets.xcassets in Resources */ = {isa = PBXBuildFile; fileRef = 1FB1A171EBC0F658AE4EDB51 /* Assets.xcassets */; };
		885436C25493662D4CF7723A /* UtterInkApp.swift in Sources */ = {isa = PBXBuildFile; fileRef = 579124F6FE0A0EBD4FD6AFA4 /* UtterInkApp.swift */; };
		8A0C974FAF8354D2972D9C27 /* UtterInkCore in Frameworks */ = {isa = PBXBuildFile; productRef = 36950818E6668CD9756F0083 /* UtterInkCore */; };
		932E6FC7DD18DE1B34CDBA00 /* SpeechModelSettingsView.swift in Sources */ = {isa = PBXBuildFile; fileRef = 0EBA6FF99282BE239A1ED9F9 /* SpeechModelSettingsView.swift */; };
		950C78685A200436DB75CAE2 /* EnglishCopy.swift in Sources */ = {isa = PBXBuildFile; fileRef = 30D272D7DD05077B79FEDB33 /* EnglishCopy.swift */; };
		957489E3FA17EEF3ADDFDDFB /* UITestScenario.swift in Sources */ = {isa = PBXBuildFile; fileRef = 53A5C4B9BB2AFFE8125F1BD2 /* UITestScenario.swift */; };
		95D78443F90710B66CB7556A /* SpeechModelSettingsViewModel.swift in Sources */ = {isa = PBXBuildFile; fileRef = 741DC772C9E9EB94B3E3DB2E /* SpeechModelSettingsViewModel.swift */; };
		9CAACBB0C922F2A180A8E823 /* RecordingIntentControllerSpy.swift in Sources */ = {isa = PBXBuildFile; fileRef = 2ACAA58F79B0796CBC4EC407 /* RecordingIntentControllerSpy.swift */; };
		9EA98ECBB34A97BEDF0AFF61 /* OutputModeSettingsView.swift in Sources */ = {isa = PBXBuildFile; fileRef = B91CE5B3B161584ED2FDDEF0 /* OutputModeSettingsView.swift */; };
		A96E644A29F80790AA972AB6 /* StagePresentationTests.swift in Sources */ = {isa = PBXBuildFile; fileRef = 1EC3DA5FDA6CA54E7E656BEC /* StagePresentationTests.swift */; };
		AF1962E572516AED8CA79F6B /* OnboardingFlow.swift in Sources */ = {isa = PBXBuildFile; fileRef = 28E5C558DC3975362617626F /* OnboardingFlow.swift */; };
		BEFC0DCC1A69CC7DE0D75833 /* LastResultView.swift in Sources */ = {isa = PBXBuildFile; fileRef = 4F790DEE644C9B4EB193DED2 /* LastResultView.swift */; };
		D0B1EEE8BB6C7640C37E5217 /* UtterInkCore in Frameworks */ = {isa = PBXBuildFile; productRef = CAF7980AE57EBC6D1581245F /* UtterInkCore */; };
		D27E44B06F80EFF220AD2394 /* SettingsPresentationTests.swift in Sources */ = {isa = PBXBuildFile; fileRef = C2A8300F3EAF72DCD8D48EAD /* SettingsPresentationTests.swift */; };
		E060EC6BA08F4C739CDBA1C0 /* HistoryViewModel.swift in Sources */ = {isa = PBXBuildFile; fileRef = AA321BE1EDE88BCFACEA98BA /* HistoryViewModel.swift */; };
		E3012FF51CEF3F2A687C8470 /* RecognitionLanguageSettingsView.swift in Sources */ = {isa = PBXBuildFile; fileRef = 88DA2B6A42760494D616E4F5 /* RecognitionLanguageSettingsView.swift */; };
		E6952C97D62D034F300B746D /* MenuBarRootView.swift in Sources */ = {isa = PBXBuildFile; fileRef = 45A95866C1C1CA326271A299 /* MenuBarRootView.swift */; };
		EC05655B983E22A644C8F9C0 /* AppModelContractTests.swift in Sources */ = {isa = PBXBuildFile; fileRef = 725C877ACC61EDDC1B466410 /* AppModelContractTests.swift */; };
		EDA1728619F7A6216AC38C40 /* GeneralSettingsView.swift in Sources */ = {isa = PBXBuildFile; fileRef = CD14A12A7756A7E2A2D80BBB /* GeneralSettingsView.swift */; };
		F0BFBCF596595C4B0EA57E55 /* ProviderSettingsView.swift in Sources */ = {isa = PBXBuildFile; fileRef = FE1897BAF60CE43C71118A30 /* ProviderSettingsView.swift */; };
		F3C5273556C56C655B263634 /* SettingsRootView.swift in Sources */ = {isa = PBXBuildFile; fileRef = BB66E581DC0CE892E6055480 /* SettingsRootView.swift */; };
		F445DCCE650883552EFD418F /* AppFeatureProtocols.swift in Sources */ = {isa = PBXBuildFile; fileRef = 83B2C2473ADFFFE98DD45B98 /* AppFeatureProtocols.swift */; };
/* End PBXBuildFile section */

/* Begin PBXContainerItemProxy section */
		02760E01E69C2C47ED04E450 /* PBXContainerItemProxy */ = {
			isa = PBXContainerItemProxy;
			containerPortal = FB1A7C98E2286FAE3AE4C18B /* Project object */;
			proxyType = 1;
			remoteGlobalIDString = 675146D8A9E81872F5343486;
			remoteInfo = UtterInk;
		};
		19255F4E32289C04995A9C80 /* PBXContainerItemProxy */ = {
			isa = PBXContainerItemProxy;
			containerPortal = FB1A7C98E2286FAE3AE4C18B /* Project object */;
			proxyType = 1;
			remoteGlobalIDString = 675146D8A9E81872F5343486;
			remoteInfo = UtterInk;
		};
/* End PBXContainerItemProxy section */

/* Begin PBXFileReference section */
		0290D70562CE7E9DE9492108 /* AppComposition.swift */ = {isa = PBXFileReference; lastKnownFileType = sourcecode.swift; path = AppComposition.swift; sourceTree = "<group>"; };
		05A5E8643C52F9B990C4F8CE /* LaunchAndNavigationTests.swift */ = {isa = PBXFileReference; lastKnownFileType = sourcecode.swift; path = LaunchAndNavigationTests.swift; sourceTree = "<group>"; };
		08A8845538578C14FD687CA8 /* OnboardingViewModel.swift */ = {isa = PBXFileReference; lastKnownFileType = sourcecode.swift; path = OnboardingViewModel.swift; sourceTree = "<group>"; };
		0B7579D494FEFEA5DBC303EA /* AppFeatureFakes.swift */ = {isa = PBXFileReference; lastKnownFileType = sourcecode.swift; path = AppFeatureFakes.swift; sourceTree = "<group>"; };
		0EBA6FF99282BE239A1ED9F9 /* SpeechModelSettingsView.swift */ = {isa = PBXFileReference; lastKnownFileType = sourcecode.swift; path = SpeechModelSettingsView.swift; sourceTree = "<group>"; };
		11540CC22CF15422300D8BEE /* UtterInkAppTests.xctest */ = {isa = PBXFileReference; explicitFileType = wrapper.cfbundle; includeInIndex = 0; path = UtterInkAppTests.xctest; sourceTree = BUILT_PRODUCTS_DIR; };
		1EC3DA5FDA6CA54E7E656BEC /* StagePresentationTests.swift */ = {isa = PBXFileReference; lastKnownFileType = sourcecode.swift; path = StagePresentationTests.swift; sourceTree = "<group>"; };
		1FB1A171EBC0F658AE4EDB51 /* Assets.xcassets */ = {isa = PBXFileReference; lastKnownFileType = folder.assetcatalog; path = Assets.xcassets; sourceTree = "<group>"; };
		21FECE946BDDD60C23C52E3E /* SpeechModelPresentationTests.swift */ = {isa = PBXFileReference; lastKnownFileType = sourcecode.swift; path = SpeechModelPresentationTests.swift; sourceTree = "<group>"; };
		28E5C558DC3975362617626F /* OnboardingFlow.swift */ = {isa = PBXFileReference; lastKnownFileType = sourcecode.swift; path = OnboardingFlow.swift; sourceTree = "<group>"; };
		2ACAA58F79B0796CBC4EC407 /* RecordingIntentControllerSpy.swift */ = {isa = PBXFileReference; lastKnownFileType = sourcecode.swift; path = RecordingIntentControllerSpy.swift; sourceTree = "<group>"; };
		2EB6481326357AF1BA843A6D /* OnboardingWindowController.swift */ = {isa = PBXFileReference; lastKnownFileType = sourcecode.swift; path = OnboardingWindowController.swift; sourceTree = "<group>"; };
		30D272D7DD05077B79FEDB33 /* EnglishCopy.swift */ = {isa = PBXFileReference; lastKnownFileType = sourcecode.swift; path = EnglishCopy.swift; sourceTree = "<group>"; };
		322AE3763E209906DD8F0C91 /* UtterInkUITests.xctest */ = {isa = PBXFileReference; explicitFileType = wrapper.cfbundle; includeInIndex = 0; path = UtterInkUITests.xctest; sourceTree = BUILT_PRODUCTS_DIR; };
		32E26E60E6A5DEA5DBAA6C10 /* ATSPolicyProbeApp.swift */ = {isa = PBXFileReference; lastKnownFileType = sourcecode.swift; path = ATSPolicyProbeApp.swift; sourceTree = "<group>"; };
		3323C3FF17C48F62CE1EEAB0 /* DiagnosticsSettingsView.swift */ = {isa = PBXFileReference; lastKnownFileType = sourcecode.swift; path = DiagnosticsSettingsView.swift; sourceTree = "<group>"; };
		4204388B3976A0A7F4CAADCF /* UITestHarness.swift */ = {isa = PBXFileReference; lastKnownFileType = sourcecode.swift; path = UITestHarness.swift; sourceTree = "<group>"; };
		45A95866C1C1CA326271A299 /* MenuBarRootView.swift */ = {isa = PBXFileReference; lastKnownFileType = sourcecode.swift; path = MenuBarRootView.swift; sourceTree = "<group>"; };
		46BFAD1519CCE183749690DB /* PipelineStateTests.swift */ = {isa = PBXFileReference; lastKnownFileType = sourcecode.swift; path = PipelineStateTests.swift; sourceTree = "<group>"; };
		4F790DEE644C9B4EB193DED2 /* LastResultView.swift */ = {isa = PBXFileReference; lastKnownFileType = sourcecode.swift; path = LastResultView.swift; sourceTree = "<group>"; };
		53A5C4B9BB2AFFE8125F1BD2 /* UITestScenario.swift */ = {isa = PBXFileReference; lastKnownFileType = sourcecode.swift; path = UITestScenario.swift; sourceTree = "<group>"; };
		54B10E54842C948D8ADA6570 /* FloatingRecorderContractTests.swift */ = {isa = PBXFileReference; lastKnownFileType = sourcecode.swift; path = FloatingRecorderContractTests.swift; sourceTree = "<group>"; };
		579124F6FE0A0EBD4FD6AFA4 /* UtterInkApp.swift */ = {isa = PBXFileReference; lastKnownFileType = sourcecode.swift; path = UtterInkApp.swift; sourceTree = "<group>"; };
		57E906AE6303DB7884EF7539 /* UtterInk.app */ = {isa = PBXFileReference; explicitFileType = wrapper.application; includeInIndex = 0; path = UtterInk.app; sourceTree = BUILT_PRODUCTS_DIR; };
		59D0F8E4521B9084A0E47556 /* ATSPolicyProbe.app */ = {isa = PBXFileReference; explicitFileType = wrapper.application; includeInIndex = 0; path = ATSPolicyProbe.app; sourceTree = BUILT_PRODUCTS_DIR; };
		5DA661CBFD12F4E8993571B1 /* FloatingRecorderView.swift */ = {isa = PBXFileReference; lastKnownFileType = sourcecode.swift; path = FloatingRecorderView.swift; sourceTree = "<group>"; };
		627351AA17B74FEDC4D86747 /* PermissionSettingsView.swift */ = {isa = PBXFileReference; lastKnownFileType = sourcecode.swift; path = PermissionSettingsView.swift; sourceTree = "<group>"; };
		6569F32A71D430BE8D907522 /* AppModel.swift */ = {isa = PBXFileReference; lastKnownFileType = sourcecode.swift; path = AppModel.swift; sourceTree = "<group>"; };
		6B59AC7610A4B669532FBE11 /* UtterInk.entitlements */ = {isa = PBXFileReference; lastKnownFileType = text.plist.entitlements; path = UtterInk.entitlements; sourceTree = "<group>"; };
		725C877ACC61EDDC1B466410 /* AppModelContractTests.swift */ = {isa = PBXFileReference; lastKnownFileType = sourcecode.swift; path = AppModelContractTests.swift; sourceTree = "<group>"; };
		741DC772C9E9EB94B3E3DB2E /* SpeechModelSettingsViewModel.swift */ = {isa = PBXFileReference; lastKnownFileType = sourcecode.swift; path = SpeechModelSettingsViewModel.swift; sourceTree = "<group>"; };
		83B2C2473ADFFFE98DD45B98 /* AppFeatureProtocols.swift */ = {isa = PBXFileReference; lastKnownFileType = sourcecode.swift; path = AppFeatureProtocols.swift; sourceTree = "<group>"; };
		88DA2B6A42760494D616E4F5 /* RecognitionLanguageSettingsView.swift */ = {isa = PBXFileReference; lastKnownFileType = sourcecode.swift; path = RecognitionLanguageSettingsView.swift; sourceTree = "<group>"; };
		8EC1014F9AF6BF1F41978321 /* AccessibilityAnnouncement.swift */ = {isa = PBXFileReference; lastKnownFileType = sourcecode.swift; path = AccessibilityAnnouncement.swift; sourceTree = "<group>"; };
		9490E92D1C0925CA920F6B48 /* ProviderPresentationTests.swift */ = {isa = PBXFileReference; lastKnownFileType = sourcecode.swift; path = ProviderPresentationTests.swift; sourceTree = "<group>"; };
		9D5B5B5331C7C4FBF186C2EE /* LaunchAtLoginService.swift */ = {isa = PBXFileReference; lastKnownFileType = sourcecode.swift; path = LaunchAtLoginService.swift; sourceTree = "<group>"; };
		9DADA0B685CAE1A236A6CF01 /* UtterInkKit */ = {isa = PBXFileReference; lastKnownFileType = folder; name = UtterInkKit; path = Packages/UtterInkKit; sourceTree = SOURCE_ROOT; };
		AA321BE1EDE88BCFACEA98BA /* HistoryViewModel.swift */ = {isa = PBXFileReference; lastKnownFileType = sourcecode.swift; path = HistoryViewModel.swift; sourceTree = "<group>"; };
		AF216CBDB05A642EE53101A7 /* ShortcutSettingsView.swift */ = {isa = PBXFileReference; lastKnownFileType = sourcecode.swift; path = ShortcutSettingsView.swift; sourceTree = "<group>"; };
		B91CE5B3B161584ED2FDDEF0 /* OutputModeSettingsView.swift */ = {isa = PBXFileReference; lastKnownFileType = sourcecode.swift; path = OutputModeSettingsView.swift; sourceTree = "<group>"; };
		BB66E581DC0CE892E6055480 /* SettingsRootView.swift */ = {isa = PBXFileReference; lastKnownFileType = sourcecode.swift; path = SettingsRootView.swift; sourceTree = "<group>"; };
		C2A8300F3EAF72DCD8D48EAD /* SettingsPresentationTests.swift */ = {isa = PBXFileReference; lastKnownFileType = sourcecode.swift; path = SettingsPresentationTests.swift; sourceTree = "<group>"; };
		CD14A12A7756A7E2A2D80BBB /* GeneralSettingsView.swift */ = {isa = PBXFileReference; lastKnownFileType = sourcecode.swift; path = GeneralSettingsView.swift; sourceTree = "<group>"; };
		CF15D7C340C83F5CAF78B398 /* HistoryActionTests.swift */ = {isa = PBXFileReference; lastKnownFileType = sourcecode.swift; path = HistoryActionTests.swift; sourceTree = "<group>"; };
		DC9E8ED29C019B210BEDC9F6 /* FloatingWindowController.swift */ = {isa = PBXFileReference; lastKnownFileType = sourcecode.swift; path = FloatingWindowController.swift; sourceTree = "<group>"; };
		E63604C41A3EA74913B7B680 /* HistoryView.swift */ = {isa = PBXFileReference; lastKnownFileType = sourcecode.swift; path = HistoryView.swift; sourceTree = "<group>"; };
		EE4551F49BDBC9887EDB42F4 /* Info.plist */ = {isa = PBXFileReference; lastKnownFileType = text.plist; path = Info.plist; sourceTree = "<group>"; };
		FE1897BAF60CE43C71118A30 /* ProviderSettingsView.swift */ = {isa = PBXFileReference; lastKnownFileType = sourcecode.swift; path = ProviderSettingsView.swift; sourceTree = "<group>"; };
		FE1BB7748C1084C26759987E /* OnboardingViewModelTests.swift */ = {isa = PBXFileReference; lastKnownFileType = sourcecode.swift; path = OnboardingViewModelTests.swift; sourceTree = "<group>"; };
/* End PBXFileReference section */

/* Begin PBXFrameworksBuildPhase section */
		2DC3E8E93B31D5B71BE68989 /* Frameworks */ = {
			isa = PBXFrameworksBuildPhase;
			buildActionMask = 2147483647;
			files = (
				D0B1EEE8BB6C7640C37E5217 /* UtterInkCore in Frameworks */,
			);
			runOnlyForDeploymentPostprocessing = 0;
		};
		5B37E2E7C22DB71F0C0A534B /* Frameworks */ = {
			isa = PBXFrameworksBuildPhase;
			buildActionMask = 2147483647;
			files = (
				72F82199A11CF780CE79E2DC /* UtterInkCore in Frameworks */,
				7E85E4543BF986EB2E17FE14 /* UtterInkServices in Frameworks */,
			);
			runOnlyForDeploymentPostprocessing = 0;
		};
		B55F350EB983E9790972DE7C /* Frameworks */ = {
			isa = PBXFrameworksBuildPhase;
			buildActionMask = 2147483647;
			files = (
				8A0C974FAF8354D2972D9C27 /* UtterInkCore in Frameworks */,
				349C1B0F770375BDD8F28842 /* UtterInkServices in Frameworks */,
			);
			runOnlyForDeploymentPostprocessing = 0;
		};
/* End PBXFrameworksBuildPhase section */

/* Begin PBXGroup section */
		0DC886C36DA470640BD9ED66 /* UtterInkAppTests */ = {
			isa = PBXGroup;
			children = (
				725C877ACC61EDDC1B466410 /* AppModelContractTests.swift */,
				54B10E54842C948D8ADA6570 /* FloatingRecorderContractTests.swift */,
				CF15D7C340C83F5CAF78B398 /* HistoryActionTests.swift */,
				FE1BB7748C1084C26759987E /* OnboardingViewModelTests.swift */,
				9490E92D1C0925CA920F6B48 /* ProviderPresentationTests.swift */,
				C2A8300F3EAF72DCD8D48EAD /* SettingsPresentationTests.swift */,
				21FECE946BDDD60C23C52E3E /* SpeechModelPresentationTests.swift */,
				1EC3DA5FDA6CA54E7E656BEC /* StagePresentationTests.swift */,
				5C46FD8AC57894D3700C9024 /* Support */,
			);
			path = UtterInkAppTests;
			sourceTree = "<group>";
		};
		0EB5E7BAFAB8AD124DF0091F /* Supporting */ = {
			isa = PBXGroup;
			children = (
				EE4551F49BDBC9887EDB42F4 /* Info.plist */,
				6B59AC7610A4B669532FBE11 /* UtterInk.entitlements */,
			);
			path = Supporting;
			sourceTree = "<group>";
		};
		1ECAEBF6FE35BD8DC64F9A25 /* MenuBar */ = {
			isa = PBXGroup;
			children = (
				45A95866C1C1CA326271A299 /* MenuBarRootView.swift */,
			);
			path = MenuBar;
			sourceTree = "<group>";
		};
		3D0319F65040878EBE414475 /* Settings */ = {
			isa = PBXGroup;
			children = (
				3323C3FF17C48F62CE1EEAB0 /* DiagnosticsSettingsView.swift */,
				CD14A12A7756A7E2A2D80BBB /* GeneralSettingsView.swift */,
				B91CE5B3B161584ED2FDDEF0 /* OutputModeSettingsView.swift */,
				627351AA17B74FEDC4D86747 /* PermissionSettingsView.swift */,
				FE1897BAF60CE43C71118A30 /* ProviderSettingsView.swift */,
				88DA2B6A42760494D616E4F5 /* RecognitionLanguageSettingsView.swift */,
				BB66E581DC0CE892E6055480 /* SettingsRootView.swift */,
				AF216CBDB05A642EE53101A7 /* ShortcutSettingsView.swift */,
				0EBA6FF99282BE239A1ED9F9 /* SpeechModelSettingsView.swift */,
				741DC772C9E9EB94B3E3DB2E /* SpeechModelSettingsViewModel.swift */,
			);
			path = Settings;
			sourceTree = "<group>";
		};
		452F1A9AE9C80A1FE5D29146 /* UtterInkUITests */ = {
			isa = PBXGroup;
			children = (
				05A5E8643C52F9B990C4F8CE /* LaunchAndNavigationTests.swift */,
				46BFAD1519CCE183749690DB /* PipelineStateTests.swift */,
				BCE9934CA4986388EAD967B0 /* Support */,
			);
			path = UtterInkUITests;
			sourceTree = "<group>";
		};
		484F7F8B468126CB09D405D7 /* UITestSupport */ = {
			isa = PBXGroup;
			children = (
				53A5C4B9BB2AFFE8125F1BD2 /* UITestScenario.swift */,
			);
			path = UITestSupport;
			sourceTree = "<group>";
		};
		575879E8E36BEEE6E924B122 /* History */ = {
			isa = PBXGroup;
			children = (
				E63604C41A3EA74913B7B680 /* HistoryView.swift */,
				AA321BE1EDE88BCFACEA98BA /* HistoryViewModel.swift */,
				4F790DEE644C9B4EB193DED2 /* LastResultView.swift */,
			);
			path = History;
			sourceTree = "<group>";
		};
		595F8C7B1A000FC725DED6ED /* ATSPolicyProbe */ = {
			isa = PBXGroup;
			children = (
				32E26E60E6A5DEA5DBAA6C10 /* ATSPolicyProbeApp.swift */,
			);
			path = ATSPolicyProbe;
			sourceTree = "<group>";
		};
		5C46FD8AC57894D3700C9024 /* Support */ = {
			isa = PBXGroup;
			children = (
				0B7579D494FEFEA5DBC303EA /* AppFeatureFakes.swift */,
				2ACAA58F79B0796CBC4EC407 /* RecordingIntentControllerSpy.swift */,
			);
			path = Support;
			sourceTree = "<group>";
		};
		85B7C7CFD7FBCDB8959BFE7A /* Onboarding */ = {
			isa = PBXGroup;
			children = (
				28E5C558DC3975362617626F /* OnboardingFlow.swift */,
				08A8845538578C14FD687CA8 /* OnboardingViewModel.swift */,
				2EB6481326357AF1BA843A6D /* OnboardingWindowController.swift */,
			);
			path = Onboarding;
			sourceTree = "<group>";
		};
		88543F2ABB51400CD0C27834 /* Products */ = {
			isa = PBXGroup;
			children = (
				59D0F8E4521B9084A0E47556 /* ATSPolicyProbe.app */,
				57E906AE6303DB7884EF7539 /* UtterInk.app */,
				11540CC22CF15422300D8BEE /* UtterInkAppTests.xctest */,
				322AE3763E209906DD8F0C91 /* UtterInkUITests.xctest */,
			);
			name = Products;
			sourceTree = "<group>";
		};
		93974BD61BDE2EAA7351FE7D /* Localization */ = {
			isa = PBXGroup;
			children = (
				30D272D7DD05077B79FEDB33 /* EnglishCopy.swift */,
			);
			path = Localization;
			sourceTree = "<group>";
		};
		98D068608D1C88F7EF4DA59D /* Services */ = {
			isa = PBXGroup;
			children = (
				83B2C2473ADFFFE98DD45B98 /* AppFeatureProtocols.swift */,
				9D5B5B5331C7C4FBF186C2EE /* LaunchAtLoginService.swift */,
			);
			path = Services;
			sourceTree = "<group>";
		};
		A0F68DD837A42BA3A8C83670 /* App */ = {
			isa = PBXGroup;
			children = (
				0290D70562CE7E9DE9492108 /* AppComposition.swift */,
				6569F32A71D430BE8D907522 /* AppModel.swift */,
				579124F6FE0A0EBD4FD6AFA4 /* UtterInkApp.swift */,
				D1753DD1BD1BA52D26FD6221 /* Accessibility */,
				D1E73F7731EBDC86B1122659 /* Floating */,
				575879E8E36BEEE6E924B122 /* History */,
				93974BD61BDE2EAA7351FE7D /* Localization */,
				1ECAEBF6FE35BD8DC64F9A25 /* MenuBar */,
				85B7C7CFD7FBCDB8959BFE7A /* Onboarding */,
				C9DA18799B70F61A81E245B3 /* Resources */,
				98D068608D1C88F7EF4DA59D /* Services */,
				3D0319F65040878EBE414475 /* Settings */,
				0EB5E7BAFAB8AD124DF0091F /* Supporting */,
				484F7F8B468126CB09D405D7 /* UITestSupport */,
			);
			path = App;
			sourceTree = "<group>";
		};
		A7E49B003FD85588DC811F1C = {
			isa = PBXGroup;
			children = (
				A0F68DD837A42BA3A8C83670 /* App */,
				C7EC2B54F7C20F132F876E54 /* Packages */,
				E4AEF50AD36167CAF3B42C7D /* Tests */,
				0DC886C36DA470640BD9ED66 /* UtterInkAppTests */,
				452F1A9AE9C80A1FE5D29146 /* UtterInkUITests */,
				88543F2ABB51400CD0C27834 /* Products */,
			);
			sourceTree = "<group>";
		};
		BCE9934CA4986388EAD967B0 /* Support */ = {
			isa = PBXGroup;
			children = (
				4204388B3976A0A7F4CAADCF /* UITestHarness.swift */,
			);
			path = Support;
			sourceTree = "<group>";
		};
		C7EC2B54F7C20F132F876E54 /* Packages */ = {
			isa = PBXGroup;
			children = (
				9DADA0B685CAE1A236A6CF01 /* UtterInkKit */,
			);
			path = Packages;
			sourceTree = "<group>";
		};
		C9DA18799B70F61A81E245B3 /* Resources */ = {
			isa = PBXGroup;
			children = (
				1FB1A171EBC0F658AE4EDB51 /* Assets.xcassets */,
			);
			path = Resources;
			sourceTree = "<group>";
		};
		D1753DD1BD1BA52D26FD6221 /* Accessibility */ = {
			isa = PBXGroup;
			children = (
				8EC1014F9AF6BF1F41978321 /* AccessibilityAnnouncement.swift */,
			);
			path = Accessibility;
			sourceTree = "<group>";
		};
		D1E73F7731EBDC86B1122659 /* Floating */ = {
			isa = PBXGroup;
			children = (
				5DA661CBFD12F4E8993571B1 /* FloatingRecorderView.swift */,
				DC9E8ED29C019B210BEDC9F6 /* FloatingWindowController.swift */,
			);
			path = Floating;
			sourceTree = "<group>";
		};
		E4AEF50AD36167CAF3B42C7D /* Tests */ = {
			isa = PBXGroup;
			children = (
				595F8C7B1A000FC725DED6ED /* ATSPolicyProbe */,
			);
			path = Tests;
			sourceTree = "<group>";
		};
/* End PBXGroup section */

/* Begin PBXNativeTarget section */
		1F2834E85B52381C195521BD /* UtterInkUITests */ = {
			isa = PBXNativeTarget;
			buildConfigurationList = 9160D2777F16D485D3B01552 /* Build configuration list for PBXNativeTarget "UtterInkUITests" */;
			buildPhases = (
				B01ED026CD691C942C9CAF82 /* Sources */,
			);
			buildRules = (
			);
			dependencies = (
				8534C1A62B3504C36B2CFF6A /* PBXTargetDependency */,
			);
			name = UtterInkUITests;
			packageProductDependencies = (
			);
			productName = UtterInkUITests;
			productReference = 322AE3763E209906DD8F0C91 /* UtterInkUITests.xctest */;
			productType = "com.apple.product-type.bundle.ui-testing";
		};
		675146D8A9E81872F5343486 /* UtterInk */ = {
			isa = PBXNativeTarget;
			buildConfigurationList = C311FA5CF37F9C1EE305737D /* Build configuration list for PBXNativeTarget "UtterInk" */;
			buildPhases = (
				6B8E46C1B8DF64F252D7E3EF /* Sources */,
				60D3E2DD5DB236F02A6D787B /* Resources */,
				B55F350EB983E9790972DE7C /* Frameworks */,
			);
			buildRules = (
			);
			dependencies = (
			);
			name = UtterInk;
			packageProductDependencies = (
				36950818E6668CD9756F0083 /* UtterInkCore */,
				5A4BEEB3487789DBD48B4F72 /* UtterInkServices */,
			);
			productName = UtterInk;
			productReference = 57E906AE6303DB7884EF7539 /* UtterInk.app */;
			productType = "com.apple.product-type.application";
		};
		A70D63CA0DD3A5A7A843CFE6 /* ATSPolicyProbe */ = {
			isa = PBXNativeTarget;
			buildConfigurationList = CD2E01B50A1160918EFCFF9B /* Build configuration list for PBXNativeTarget "ATSPolicyProbe" */;
			buildPhases = (
				40618EE99374B59788F06408 /* Sources */,
				5B37E2E7C22DB71F0C0A534B /* Frameworks */,
			);
			buildRules = (
			);
			dependencies = (
			);
			name = ATSPolicyProbe;
			packageProductDependencies = (
				81B69EA66450AA1E413B991D /* UtterInkCore */,
				6F0C53D16DB5E93F2743AD4E /* UtterInkServices */,
			);
			productName = ATSPolicyProbe;
			productReference = 59D0F8E4521B9084A0E47556 /* ATSPolicyProbe.app */;
			productType = "com.apple.product-type.application";
		};
		F30AB49D0C7B6CD9DBBDA012 /* UtterInkAppTests */ = {
			isa = PBXNativeTarget;
			buildConfigurationList = 7D52818B62D5E22200E2B3C8 /* Build configuration list for PBXNativeTarget "UtterInkAppTests" */;
			buildPhases = (
				A897D453FBFFA0E596FC4D48 /* Sources */,
				2DC3E8E93B31D5B71BE68989 /* Frameworks */,
			);
			buildRules = (
			);
			dependencies = (
				060704A6C4FCD002EFF563FA /* PBXTargetDependency */,
			);
			name = UtterInkAppTests;
			packageProductDependencies = (
				CAF7980AE57EBC6D1581245F /* UtterInkCore */,
			);
			productName = UtterInkAppTests;
			productReference = 11540CC22CF15422300D8BEE /* UtterInkAppTests.xctest */;
			productType = "com.apple.product-type.bundle.unit-test";
		};
/* End PBXNativeTarget section */

/* Begin PBXProject section */
		FB1A7C98E2286FAE3AE4C18B /* Project object */ = {
			isa = PBXProject;
			attributes = {
				BuildIndependentTargetsInParallel = YES;
				LastUpgradeCheck = 2640;
				TargetAttributes = {
					1F2834E85B52381C195521BD = {
						TestTargetID = 675146D8A9E81872F5343486;
					};
					675146D8A9E81872F5343486 = {
						ProvisioningStyle = Automatic;
					};
					A70D63CA0DD3A5A7A843CFE6 = {
						ProvisioningStyle = Manual;
					};
				};
			};
			buildConfigurationList = ECC9595E574F8760963B72C8 /* Build configuration list for PBXProject "UtterInk" */;
			developmentRegion = en;
			hasScannedForEncodings = 0;
			knownRegions = (
				Base,
				en,
			);
			mainGroup = A7E49B003FD85588DC811F1C;
			minimizedProjectReferenceProxies = 1;
			packageReferences = (
				AEC103A5F13C91FDCC8CEB44 /* XCLocalSwiftPackageReference "Packages/UtterInkKit" */,
			);
			preferredProjectObjectVersion = 77;
			productRefGroup = 88543F2ABB51400CD0C27834 /* Products */;
			projectDirPath = "";
			projectRoot = "";
			targets = (
				A70D63CA0DD3A5A7A843CFE6 /* ATSPolicyProbe */,
				675146D8A9E81872F5343486 /* UtterInk */,
				F30AB49D0C7B6CD9DBBDA012 /* UtterInkAppTests */,
				1F2834E85B52381C195521BD /* UtterInkUITests */,
			);
		};
/* End PBXProject section */

/* Begin PBXResourcesBuildPhase section */
		60D3E2DD5DB236F02A6D787B /* Resources */ = {
			isa = PBXResourcesBuildPhase;
			buildActionMask = 2147483647;
			files = (
				868E7B684A87A61D0B64CAF6 /* Assets.xcassets in Resources */,
			);
			runOnlyForDeploymentPostprocessing = 0;
		};
/* End PBXResourcesBuildPhase section */

/* Begin PBXSourcesBuildPhase section */
		40618EE99374B59788F06408 /* Sources */ = {
			isa = PBXSourcesBuildPhase;
			buildActionMask = 2147483647;
			files = (
				82C9CC8C2A01136207D53948 /* ATSPolicyProbeApp.swift in Sources */,
			);
			runOnlyForDeploymentPostprocessing = 0;
		};
		6B8E46C1B8DF64F252D7E3EF /* Sources */ = {
			isa = PBXSourcesBuildPhase;
			buildActionMask = 2147483647;
			files = (
				4DC0295C64BCC8E0385435B3 /* AccessibilityAnnouncement.swift in Sources */,
				7215C0A1E360A6C5BF8DDD7F /* AppComposition.swift in Sources */,
				F445DCCE650883552EFD418F /* AppFeatureProtocols.swift in Sources */,
				0B1B0858467632F4B566A7F3 /* AppModel.swift in Sources */,
				6A673A2C4CB25BA2B3CCD423 /* DiagnosticsSettingsView.swift in Sources */,
				950C78685A200436DB75CAE2 /* EnglishCopy.swift in Sources */,
				615082BE1A5D50F60C4AC7BC /* FloatingRecorderView.swift in Sources */,
				2B78CD7B6DEB765136847735 /* FloatingWindowController.swift in Sources */,
				EDA1728619F7A6216AC38C40 /* GeneralSettingsView.swift in Sources */,
				840A7CB5D1C65F5AFFE79867 /* HistoryView.swift in Sources */,
				E060EC6BA08F4C739CDBA1C0 /* HistoryViewModel.swift in Sources */,
				BEFC0DCC1A69CC7DE0D75833 /* LastResultView.swift in Sources */,
				4EC7359F0DC7AC9AAC508263 /* LaunchAtLoginService.swift in Sources */,
				E6952C97D62D034F300B746D /* MenuBarRootView.swift in Sources */,
				AF1962E572516AED8CA79F6B /* OnboardingFlow.swift in Sources */,
				3CA8FA693AAAFFCCB2D820A3 /* OnboardingViewModel.swift in Sources */,
				85F660594755D5CDE568B231 /* OnboardingWindowController.swift in Sources */,
				9EA98ECBB34A97BEDF0AFF61 /* OutputModeSettingsView.swift in Sources */,
				7CE43F275069225E83EDAF25 /* PermissionSettingsView.swift in Sources */,
				F0BFBCF596595C4B0EA57E55 /* ProviderSettingsView.swift in Sources */,
				E3012FF51CEF3F2A687C8470 /* RecognitionLanguageSettingsView.swift in Sources */,
				F3C5273556C56C655B263634 /* SettingsRootView.swift in Sources */,
				0332E22AF16015E09E00E4A3 /* ShortcutSettingsView.swift in Sources */,
				932E6FC7DD18DE1B34CDBA00 /* SpeechModelSettingsView.swift in Sources */,
				95D78443F90710B66CB7556A /* SpeechModelSettingsViewModel.swift in Sources */,
				957489E3FA17EEF3ADDFDDFB /* UITestScenario.swift in Sources */,
				885436C25493662D4CF7723A /* UtterInkApp.swift in Sources */,
			);
			runOnlyForDeploymentPostprocessing = 0;
		};
		A897D453FBFFA0E596FC4D48 /* Sources */ = {
			isa = PBXSourcesBuildPhase;
			buildActionMask = 2147483647;
			files = (
				28F2AFB78BB911E62DFFEAD3 /* AppFeatureFakes.swift in Sources */,
				EC05655B983E22A644C8F9C0 /* AppModelContractTests.swift in Sources */,
				4D7CF06D2E2738B003DD7902 /* FloatingRecorderContractTests.swift in Sources */,
				2713D0F96770E9F14A1569FD /* HistoryActionTests.swift in Sources */,
				85C5DA646B7A7D7B066571CE /* OnboardingViewModelTests.swift in Sources */,
				0477E31ADC77A3C8FB66361A /* ProviderPresentationTests.swift in Sources */,
				9CAACBB0C922F2A180A8E823 /* RecordingIntentControllerSpy.swift in Sources */,
				D27E44B06F80EFF220AD2394 /* SettingsPresentationTests.swift in Sources */,
				280C31728E40FB0E2D4AF442 /* SpeechModelPresentationTests.swift in Sources */,
				A96E644A29F80790AA972AB6 /* StagePresentationTests.swift in Sources */,
			);
			runOnlyForDeploymentPostprocessing = 0;
		};
		B01ED026CD691C942C9CAF82 /* Sources */ = {
			isa = PBXSourcesBuildPhase;
			buildActionMask = 2147483647;
			files = (
				7241526CD55001E23DF63875 /* LaunchAndNavigationTests.swift in Sources */,
				3E525C01DEBB4A8A2BFE7247 /* PipelineStateTests.swift in Sources */,
				53D6073BD0971AC3546EE189 /* UITestHarness.swift in Sources */,
			);
			runOnlyForDeploymentPostprocessing = 0;
		};
/* End PBXSourcesBuildPhase section */

/* Begin PBXTargetDependency section */
		060704A6C4FCD002EFF563FA /* PBXTargetDependency */ = {
			isa = PBXTargetDependency;
			target = 675146D8A9E81872F5343486 /* UtterInk */;
			targetProxy = 02760E01E69C2C47ED04E450 /* PBXContainerItemProxy */;
		};
		8534C1A62B3504C36B2CFF6A /* PBXTargetDependency */ = {
			isa = PBXTargetDependency;
			target = 675146D8A9E81872F5343486 /* UtterInk */;
			targetProxy = 19255F4E32289C04995A9C80 /* PBXContainerItemProxy */;
		};
/* End PBXTargetDependency section */

/* Begin XCBuildConfiguration section */
		18D1A595B810670919657B69 /* Debug */ = {
			isa = XCBuildConfiguration;
			buildSettings = {
				ALWAYS_SEARCH_USER_PATHS = NO;
				CLANG_ANALYZER_NONNULL = YES;
				CLANG_ANALYZER_NUMBER_OBJECT_CONVERSION = YES_AGGRESSIVE;
				CLANG_CXX_LANGUAGE_STANDARD = "gnu++14";
				CLANG_CXX_LIBRARY = "libc++";
				CLANG_ENABLE_MODULES = YES;
				CLANG_ENABLE_OBJC_ARC = YES;
				CLANG_ENABLE_OBJC_WEAK = YES;
				CLANG_WARN_BLOCK_CAPTURE_AUTORELEASING = YES;
				CLANG_WARN_BOOL_CONVERSION = YES;
				CLANG_WARN_COMMA = YES;
				CLANG_WARN_CONSTANT_CONVERSION = YES;
				CLANG_WARN_DEPRECATED_OBJC_IMPLEMENTATIONS = YES;
				CLANG_WARN_DIRECT_OBJC_ISA_USAGE = YES_ERROR;
				CLANG_WARN_DOCUMENTATION_COMMENTS = YES;
				CLANG_WARN_EMPTY_BODY = YES;
				CLANG_WARN_ENUM_CONVERSION = YES;
				CLANG_WARN_INFINITE_RECURSION = YES;
				CLANG_WARN_INT_CONVERSION = YES;
				CLANG_WARN_NON_LITERAL_NULL_CONVERSION = YES;
				CLANG_WARN_OBJC_IMPLICIT_RETAIN_SELF = YES;
				CLANG_WARN_OBJC_LITERAL_CONVERSION = YES;
				CLANG_WARN_OBJC_ROOT_CLASS = YES_ERROR;
				CLANG_WARN_QUOTED_INCLUDE_IN_FRAMEWORK_HEADER = YES;
				CLANG_WARN_RANGE_LOOP_ANALYSIS = YES;
				CLANG_WARN_STRICT_PROTOTYPES = YES;
				CLANG_WARN_SUSPICIOUS_MOVE = YES;
				CLANG_WARN_UNGUARDED_AVAILABILITY = YES_AGGRESSIVE;
				CLANG_WARN_UNREACHABLE_CODE = YES;
				CLANG_WARN__DUPLICATE_METHOD_MATCH = YES;
				COPY_PHASE_STRIP = NO;
				DEBUG_INFORMATION_FORMAT = dwarf;
				ENABLE_STRICT_OBJC_MSGSEND = YES;
				ENABLE_TESTABILITY = YES;
				GCC_C_LANGUAGE_STANDARD = gnu11;
				GCC_DYNAMIC_NO_PIC = NO;
				GCC_NO_COMMON_BLOCKS = YES;
				GCC_OPTIMIZATION_LEVEL = 0;
				GCC_PREPROCESSOR_DEFINITIONS = (
					"$(inherited)",
					"DEBUG=1",
				);
				GCC_WARN_64_TO_32_BIT_CONVERSION = YES;
				GCC_WARN_ABOUT_RETURN_TYPE = YES_ERROR;
				GCC_WARN_UNDECLARED_SELECTOR = YES;
				GCC_WARN_UNINITIALIZED_AUTOS = YES_AGGRESSIVE;
				GCC_WARN_UNUSED_FUNCTION = YES;
				GCC_WARN_UNUSED_VARIABLE = YES;
				MACOSX_DEPLOYMENT_TARGET = 14.0;
				MTL_ENABLE_DEBUG_INFO = INCLUDE_SOURCE;
				MTL_FAST_MATH = YES;
				ONLY_ACTIVE_ARCH = YES;
				PRODUCT_NAME = "$(TARGET_NAME)";
				SDKROOT = macosx;
				SWIFT_ACTIVE_COMPILATION_CONDITIONS = DEBUG;
				SWIFT_OPTIMIZATION_LEVEL = "-Onone";
				SWIFT_VERSION = 5.0;
			};
			name = Debug;
		};
		532F9F87A7331E9F8B57DDEE /* Release */ = {
			isa = XCBuildConfiguration;
			buildSettings = {
				BUNDLE_LOADER = "$(TEST_HOST)";
				COMBINE_HIDPI_IMAGES = YES;
				GENERATE_INFOPLIST_FILE = YES;
				LD_RUNPATH_SEARCH_PATHS = (
					"$(inherited)",
					"@executable_path/../Frameworks",
					"@loader_path/../Frameworks",
				);
				MACOSX_DEPLOYMENT_TARGET = 14.0;
				SDKROOT = macosx;
				TEST_HOST = "$(BUILT_PRODUCTS_DIR)/UtterInk.app/Contents/MacOS/UtterInk";
			};
			name = Release;
		};
		6AB2100A00E76E83AE079A1D /* Release */ = {
			isa = XCBuildConfiguration;
			buildSettings = {
				ARCHS = arm64;
				ASSETCATALOG_COMPILER_APPICON_NAME = AppIcon;
				CODE_SIGN_STYLE = Manual;
				COMBINE_HIDPI_IMAGES = YES;
				CURRENT_PROJECT_VERSION = 1;
				ENABLE_HARDENED_RUNTIME = YES;
				GENERATE_INFOPLIST_FILE = NO;
				INFOPLIST_FILE = Tests/ATSPolicyProbe/Info.plist;
				LD_RUNPATH_SEARCH_PATHS = (
					"$(inherited)",
					"@executable_path/../Frameworks",
				);
				MACOSX_DEPLOYMENT_TARGET = 14.0;
				MARKETING_VERSION = 1.0;
				PRODUCT_BUNDLE_IDENTIFIER = dev.utterink.ATSPolicyProbe;
				PRODUCT_NAME = ATSPolicyProbe;
				SDKROOT = macosx;
				SWIFT_VERSION = 5.0;
			};
			name = Release;
		};
		7737FD61AA82E4A23ECB4990 /* Debug */ = {
			isa = XCBuildConfiguration;
			buildSettings = {
				ARCHS = arm64;
				ASSETCATALOG_COMPILER_APPICON_NAME = AppIcon;
				CODE_SIGN_ENTITLEMENTS = App/Supporting/UtterInk.entitlements;
				CODE_SIGN_STYLE = Automatic;
				COMBINE_HIDPI_IMAGES = YES;
				CURRENT_PROJECT_VERSION = 1;
				ENABLE_HARDENED_RUNTIME = YES;
				GENERATE_INFOPLIST_FILE = NO;
				INFOPLIST_FILE = App/Supporting/Info.plist;
				LD_RUNPATH_SEARCH_PATHS = (
					"$(inherited)",
					"@executable_path/../Frameworks",
				);
				MACOSX_DEPLOYMENT_TARGET = 14.0;
				MARKETING_VERSION = 0.1.0;
				PRODUCT_BUNDLE_IDENTIFIER = dev.utterink.UtterInk;
				PRODUCT_NAME = UtterInk;
				SDKROOT = macosx;
				SWIFT_VERSION = 5.0;
			};
			name = Debug;
		};
		7B3CFF5235728CC0548A922F /* Release */ = {
			isa = XCBuildConfiguration;
			buildSettings = {
				BUNDLE_LOADER = "$(TEST_HOST)";
				COMBINE_HIDPI_IMAGES = YES;
				GENERATE_INFOPLIST_FILE = YES;
				LD_RUNPATH_SEARCH_PATHS = (
					"$(inherited)",
					"@executable_path/Frameworks",
					"@loader_path/Frameworks",
				);
				MACOSX_DEPLOYMENT_TARGET = 14.0;
				SDKROOT = macosx;
				TEST_TARGET_NAME = UtterInk;
			};
			name = Release;
		};
		88D92EA27AD479B24115137D /* Debug */ = {
			isa = XCBuildConfiguration;
			buildSettings = {
				BUNDLE_LOADER = "$(TEST_HOST)";
				COMBINE_HIDPI_IMAGES = YES;
				GENERATE_INFOPLIST_FILE = YES;
				LD_RUNPATH_SEARCH_PATHS = (
					"$(inherited)",
					"@executable_path/../Frameworks",
					"@loader_path/../Frameworks",
				);
				MACOSX_DEPLOYMENT_TARGET = 14.0;
				SDKROOT = macosx;
				TEST_HOST = "$(BUILT_PRODUCTS_DIR)/UtterInk.app/Contents/MacOS/UtterInk";
			};
			name = Debug;
		};
		8DEBA7774A90B66ECE38C7F0 /* Release */ = {
			isa = XCBuildConfiguration;
			buildSettings = {
				ARCHS = arm64;
				ASSETCATALOG_COMPILER_APPICON_NAME = AppIcon;
				CODE_SIGN_ENTITLEMENTS = App/Supporting/UtterInk.entitlements;
				CODE_SIGN_STYLE = Automatic;
				COMBINE_HIDPI_IMAGES = YES;
				CURRENT_PROJECT_VERSION = 1;
				ENABLE_HARDENED_RUNTIME = YES;
				GENERATE_INFOPLIST_FILE = NO;
				INFOPLIST_FILE = App/Supporting/Info.plist;
				LD_RUNPATH_SEARCH_PATHS = (
					"$(inherited)",
					"@executable_path/../Frameworks",
				);
				MACOSX_DEPLOYMENT_TARGET = 14.0;
				MARKETING_VERSION = 0.1.0;
				PRODUCT_BUNDLE_IDENTIFIER = dev.utterink.UtterInk;
				PRODUCT_NAME = UtterInk;
				SDKROOT = macosx;
				SWIFT_VERSION = 5.0;
			};
			name = Release;
		};
		97067FB589472F267DD8BF15 /* Debug */ = {
			isa = XCBuildConfiguration;
			buildSettings = {
				ARCHS = arm64;
				ASSETCATALOG_COMPILER_APPICON_NAME = AppIcon;
				CODE_SIGN_STYLE = Manual;
				COMBINE_HIDPI_IMAGES = YES;
				CURRENT_PROJECT_VERSION = 1;
				ENABLE_HARDENED_RUNTIME = YES;
				GENERATE_INFOPLIST_FILE = NO;
				INFOPLIST_FILE = Tests/ATSPolicyProbe/Info.plist;
				LD_RUNPATH_SEARCH_PATHS = (
					"$(inherited)",
					"@executable_path/../Frameworks",
				);
				MACOSX_DEPLOYMENT_TARGET = 14.0;
				MARKETING_VERSION = 1.0;
				PRODUCT_BUNDLE_IDENTIFIER = dev.utterink.ATSPolicyProbe;
				PRODUCT_NAME = ATSPolicyProbe;
				SDKROOT = macosx;
				SWIFT_VERSION = 5.0;
			};
			name = Debug;
		};
		C9B705CBF983B7B7A430A2A9 /* Release */ = {
			isa = XCBuildConfiguration;
			buildSettings = {
				ALWAYS_SEARCH_USER_PATHS = NO;
				CLANG_ANALYZER_NONNULL = YES;
				CLANG_ANALYZER_NUMBER_OBJECT_CONVERSION = YES_AGGRESSIVE;
				CLANG_CXX_LANGUAGE_STANDARD = "gnu++14";
				CLANG_CXX_LIBRARY = "libc++";
				CLANG_ENABLE_MODULES = YES;
				CLANG_ENABLE_OBJC_ARC = YES;
				CLANG_ENABLE_OBJC_WEAK = YES;
				CLANG_WARN_BLOCK_CAPTURE_AUTORELEASING = YES;
				CLANG_WARN_BOOL_CONVERSION = YES;
				CLANG_WARN_COMMA = YES;
				CLANG_WARN_CONSTANT_CONVERSION = YES;
				CLANG_WARN_DEPRECATED_OBJC_IMPLEMENTATIONS = YES;
				CLANG_WARN_DIRECT_OBJC_ISA_USAGE = YES_ERROR;
				CLANG_WARN_DOCUMENTATION_COMMENTS = YES;
				CLANG_WARN_EMPTY_BODY = YES;
				CLANG_WARN_ENUM_CONVERSION = YES;
				CLANG_WARN_INFINITE_RECURSION = YES;
				CLANG_WARN_INT_CONVERSION = YES;
				CLANG_WARN_NON_LITERAL_NULL_CONVERSION = YES;
				CLANG_WARN_OBJC_IMPLICIT_RETAIN_SELF = YES;
				CLANG_WARN_OBJC_LITERAL_CONVERSION = YES;
				CLANG_WARN_OBJC_ROOT_CLASS = YES_ERROR;
				CLANG_WARN_QUOTED_INCLUDE_IN_FRAMEWORK_HEADER = YES;
				CLANG_WARN_RANGE_LOOP_ANALYSIS = YES;
				CLANG_WARN_STRICT_PROTOTYPES = YES;
				CLANG_WARN_SUSPICIOUS_MOVE = YES;
				CLANG_WARN_UNGUARDED_AVAILABILITY = YES_AGGRESSIVE;
				CLANG_WARN_UNREACHABLE_CODE = YES;
				CLANG_WARN__DUPLICATE_METHOD_MATCH = YES;
				COPY_PHASE_STRIP = NO;
				DEBUG_INFORMATION_FORMAT = "dwarf-with-dsym";
				ENABLE_NS_ASSERTIONS = NO;
				ENABLE_STRICT_OBJC_MSGSEND = YES;
				GCC_C_LANGUAGE_STANDARD = gnu11;
				GCC_NO_COMMON_BLOCKS = YES;
				GCC_WARN_64_TO_32_BIT_CONVERSION = YES;
				GCC_WARN_ABOUT_RETURN_TYPE = YES_ERROR;
				GCC_WARN_UNDECLARED_SELECTOR = YES;
				GCC_WARN_UNINITIALIZED_AUTOS = YES_AGGRESSIVE;
				GCC_WARN_UNUSED_FUNCTION = YES;
				GCC_WARN_UNUSED_VARIABLE = YES;
				MACOSX_DEPLOYMENT_TARGET = 14.0;
				MTL_ENABLE_DEBUG_INFO = NO;
				MTL_FAST_MATH = YES;
				PRODUCT_NAME = "$(TARGET_NAME)";
				SDKROOT = macosx;
				SWIFT_COMPILATION_MODE = wholemodule;
				SWIFT_OPTIMIZATION_LEVEL = "-O";
				SWIFT_VERSION = 5.0;
			};
			name = Release;
		};
		D12CB859774350A6C484C6CE /* Debug */ = {
			isa = XCBuildConfiguration;
			buildSettings = {
				BUNDLE_LOADER = "$(TEST_HOST)";
				COMBINE_HIDPI_IMAGES = YES;
				GENERATE_INFOPLIST_FILE = YES;
				LD_RUNPATH_SEARCH_PATHS = (
					"$(inherited)",
					"@executable_path/Frameworks",
					"@loader_path/Frameworks",
				);
				MACOSX_DEPLOYMENT_TARGET = 14.0;
				SDKROOT = macosx;
				TEST_TARGET_NAME = UtterInk;
			};
			name = Debug;
		};
/* End XCBuildConfiguration section */

/* Begin XCConfigurationList section */
		7D52818B62D5E22200E2B3C8 /* Build configuration list for PBXNativeTarget "UtterInkAppTests" */ = {
			isa = XCConfigurationList;
			buildConfigurations = (
				88D92EA27AD479B24115137D /* Debug */,
				532F9F87A7331E9F8B57DDEE /* Release */,
			);
			defaultConfigurationIsVisible = 0;
			defaultConfigurationName = Debug;
		};
		9160D2777F16D485D3B01552 /* Build configuration list for PBXNativeTarget "UtterInkUITests" */ = {
			isa = XCConfigurationList;
			buildConfigurations = (
				D12CB859774350A6C484C6CE /* Debug */,
				7B3CFF5235728CC0548A922F /* Release */,
			);
			defaultConfigurationIsVisible = 0;
			defaultConfigurationName = Debug;
		};
		C311FA5CF37F9C1EE305737D /* Build configuration list for PBXNativeTarget "UtterInk" */ = {
			isa = XCConfigurationList;
			buildConfigurations = (
				7737FD61AA82E4A23ECB4990 /* Debug */,
				8DEBA7774A90B66ECE38C7F0 /* Release */,
			);
			defaultConfigurationIsVisible = 0;
			defaultConfigurationName = Debug;
		};
		CD2E01B50A1160918EFCFF9B /* Build configuration list for PBXNativeTarget "ATSPolicyProbe" */ = {
			isa = XCConfigurationList;
			buildConfigurations = (
				97067FB589472F267DD8BF15 /* Debug */,
				6AB2100A00E76E83AE079A1D /* Release */,
			);
			defaultConfigurationIsVisible = 0;
			defaultConfigurationName = Debug;
		};
		ECC9595E574F8760963B72C8 /* Build configuration list for PBXProject "UtterInk" */ = {
			isa = XCConfigurationList;
			buildConfigurations = (
				18D1A595B810670919657B69 /* Debug */,
				C9B705CBF983B7B7A430A2A9 /* Release */,
			);
			defaultConfigurationIsVisible = 0;
			defaultConfigurationName = Debug;
		};
/* End XCConfigurationList section */

/* Begin XCLocalSwiftPackageReference section */
		AEC103A5F13C91FDCC8CEB44 /* XCLocalSwiftPackageReference "Packages/UtterInkKit" */ = {
			isa = XCLocalSwiftPackageReference;
			relativePath = Packages/UtterInkKit;
		};
/* End XCLocalSwiftPackageReference section */

/* Begin XCSwiftPackageProductDependency section */
		36950818E6668CD9756F0083 /* UtterInkCore */ = {
			isa = XCSwiftPackageProductDependency;
			productName = UtterInkCore;
		};
		5A4BEEB3487789DBD48B4F72 /* UtterInkServices */ = {
			isa = XCSwiftPackageProductDependency;
			productName = UtterInkServices;
		};
		6F0C53D16DB5E93F2743AD4E /* UtterInkServices */ = {
			isa = XCSwiftPackageProductDependency;
			productName = UtterInkServices;
		};
		81B69EA66450AA1E413B991D /* UtterInkCore */ = {
			isa = XCSwiftPackageProductDependency;
			productName = UtterInkCore;
		};
		CAF7980AE57EBC6D1581245F /* UtterInkCore */ = {
			isa = XCSwiftPackageProductDependency;
			productName = UtterInkCore;
		};
/* End XCSwiftPackageProductDependency section */
	};
	rootObject = FB1A7C98E2286FAE3AE4C18B /* Project object */;
}
